// !$*UTF8*$!
{
	archiveVersion = 1;
	classes = {
	};
	objectVersion = 77;
	objects = {

/* Begin PBXContainerItemProxy section */
		42D3DCC42D51DA2A00BC3E8F /* PBXContainerItemProxy */ = {
			isa = PBXContainerItemProxy;
			containerPortal = 42D3DCAB2D51DA2900BC3E8F /* Project object */;
			proxyType = 1;
			remoteGlobalIDString = 42D3DCB22D51DA2900BC3E8F;
			remoteInfo = asyncgate_iOS;
		};
		42D3DCCE2D51DA2A00BC3E8F /* PBXContainerItemProxy */ = {
			isa = PBXContainerItemProxy;
			containerPortal = 42D3DCAB2D51DA2900BC3E8F /* Project object */;
			proxyType = 1;
			remoteGlobalIDString = 42D3DCB22D51DA2900BC3E8F;
			remoteInfo = asyncgate_iOS;
		};
/* End PBXContainerItemProxy section */

/* Begin PBXFileReference section */
		42D3DCB32D51DA2900BC3E8F /* asyncgate_iOS.app */ = {isa = PBXFileReference; explicitFileType = wrapper.application; includeInIndex = 0; path = asyncgate_iOS.app; sourceTree = BUILT_PRODUCTS_DIR; };
		42D3DCC32D51DA2A00BC3E8F /* asyncgate_iOSTests.xctest */ = {isa = PBXFileReference; explicitFileType = wrapper.cfbundle; includeInIndex = 0; path = asyncgate_iOSTests.xctest; sourceTree = BUILT_PRODUCTS_DIR; };
		42D3DCCD2D51DA2A00BC3E8F /* asyncgate_iOSUITests.xctest */ = {isa = PBXFileReference; explicitFileType = wrapper.cfbundle; includeInIndex = 0; path = asyncgate_iOSUITests.xctest; sourceTree = BUILT_PRODUCTS_DIR; };
/* End PBXFileReference section */

/* Begin PBXFileSystemSynchronizedRootGroup section */
		42D3DCB52D51DA2900BC3E8F /* asyncgate_iOS */ = {
			isa = PBXFileSystemSynchronizedRootGroup;
			path = asyncgate_iOS;
			sourceTree = "<group>";
		};
		42D3DCC62D51DA2A00BC3E8F /* asyncgate_iOSTests */ = {
			isa = PBXFileSystemSynchronizedRootGroup;
			path = asyncgate_iOSTests;
			sourceTree = "<group>";
		};
		42D3DCD02D51DA2A00BC3E8F /* asyncgate_iOSUITests */ = {
			isa = PBXFileSystemSynchronizedRootGroup;
			path = asyncgate_iOSUITests;
			sourceTree = "<group>";
		};
/* End PBXFileSystemSynchronizedRootGroup section */

/* Begin PBXFrameworksBuildPhase section */
		42D3DCB02D51DA2900BC3E8F /* Frameworks */ = {
			isa = PBXFrameworksBuildPhase;
			buildActionMask = 2147483647;
			files = (
			);
			runOnlyForDeploymentPostprocessing = 0;
		};
		42D3DCC02D51DA2A00BC3E8F /* Frameworks */ = {
			isa = PBXFrameworksBuildPhase;
			buildActionMask = 2147483647;
			files = (
			);
			runOnlyForDeploymentPostprocessing = 0;
		};
		42D3DCCA2D51DA2A00BC3E8F /* Frameworks */ = {
			isa = PBXFrameworksBuildPhase;
			buildActionMask = 2147483647;
			files = (
			);
			runOnlyForDeploymentPostprocessing = 0;
		};
/* End PBXFrameworksBuildPhase section */

/* Begin PBXGroup section */
		42D3DCAA2D51DA2900BC3E8F = {
			isa = PBXGroup;
			children = (
				42D3DCB52D51DA2900BC3E8F /* asyncgate_iOS */,
				42D3DCC62D51DA2A00BC3E8F /* asyncgate_iOSTests */,
				42D3DCD02D51DA2A00BC3E8F /* asyncgate_iOSUITests */,
				42D3DCB42D51DA2900BC3E8F /* Products */,
			);
			sourceTree = "<group>";
		};
		42D3DCB42D51DA2900BC3E8F /* Products */ = {
			isa = PBXGroup;
			children = (
				42D3DCB32D51DA2900BC3E8F /* asyncgate_iOS.app */,
				42D3DCC32D51DA2A00BC3E8F /* asyncgate_iOSTests.xctest */,
				42D3DCCD2D51DA2A00BC3E8F /* asyncgate_iOSUITests.xctest */,
			);
			name = Products;
			sourceTree = "<group>";
		};
/* End PBXGroup section */

/* Begin PBXNativeTarget section */
		42D3DCB22D51DA2900BC3E8F /* asyncgate_iOS */ = {
			isa = PBXNativeTarget;
			buildConfigurationList = 42D3DCD72D51DA2A00BC3E8F /* Build configuration list for PBXNativeTarget "asyncgate_iOS" */;
			buildPhases = (
				42D3DCAF2D51DA2900BC3E8F /* Sources */,
				42D3DCB02D51DA2900BC3E8F /* Frameworks */,
				42D3DCB12D51DA2900BC3E8F /* Resources */,
			);
			buildRules = (
			);
			dependencies = (
			);
			fileSystemSynchronizedGroups = (
				42D3DCB52D51DA2900BC3E8F /* asyncgate_iOS */,
			);
			name = asyncgate_iOS;
			packageProductDependencies = (
			);
			productName = asyncgate_iOS;
			productReference = 42D3DCB32D51DA2900BC3E8F /* asyncgate_iOS.app */;
			productType = "com.apple.product-type.application";
		};
		42D3DCC22D51DA2A00BC3E8F /* asyncgate_iOSTests */ = {
			isa = PBXNativeTarget;
			buildConfigurationList = 42D3DCDA2D51DA2A00BC3E8F /* Build configuration list for PBXNativeTarget "asyncgate_iOSTests" */;
			buildPhases = (
				42D3DCBF2D51DA2A00BC3E8F /* Sources */,
				42D3DCC02D51DA2A00BC3E8F /* Frameworks */,
				42D3DCC12D51DA2A00BC3E8F /* Resources */,
			);
			buildRules = (
			);
			dependencies = (
				42D3DCC52D51DA2A00BC3E8F /* PBXTargetDependency */,
			);
			fileSystemSynchronizedGroups = (
				42D3DCC62D51DA2A00BC3E8F /* asyncgate_iOSTests */,
			);
			name = asyncgate_iOSTests;
			packageProductDependencies = (
			);
			productName = asyncgate_iOSTests;
			productReference = 42D3DCC32D51DA2A00BC3E8F /* asyncgate_iOSTests.xctest */;
			productType = "com.apple.product-type.bundle.unit-test";
		};
		42D3DCCC2D51DA2A00BC3E8F /* asyncgate_iOSUITests */ = {
			isa = PBXNativeTarget;
			buildConfigurationList = 42D3DCDD2D51DA2A00BC3E8F /* Build configuration list for PBXNativeTarget "asyncgate_iOSUITests" */;
			buildPhases = (
				42D3DCC92D51DA2A00BC3E8F /* Sources */,
				42D3DCCA2D51DA2A00BC3E8F /* Frameworks */,
				42D3DCCB2D51DA2A00BC3E8F /* Resources */,
			);
			buildRules = (
			);
			dependencies = (
				42D3DCCF2D51DA2A00BC3E8F /* PBXTargetDependency */,
			);
			fileSystemSynchronizedGroups = (
				42D3DCD02D51DA2A00BC3E8F /* asyncgate_iOSUITests */,
			);
			name = asyncgate_iOSUITests;
			packageProductDependencies = (
			);
			productName = asyncgate_iOSUITests;
			productReference = 42D3DCCD2D51DA2A00BC3E8F /* asyncgate_iOSUITests.xctest */;
			productType = "com.apple.product-type.bundle.ui-testing";
		};
/* End PBXNativeTarget section */

/* Begin PBXProject section */
		42D3DCAB2D51DA2900BC3E8F /* Project object */ = {
			isa = PBXProject;
			attributes = {
				BuildIndependentTargetsInParallel = 1;
				LastSwiftUpdateCheck = 1600;
				LastUpgradeCheck = 1600;
				TargetAttributes = {
					42D3DCB22D51DA2900BC3E8F = {
						CreatedOnToolsVersion = 16.0;
					};
					42D3DCC22D51DA2A00BC3E8F = {
						CreatedOnToolsVersion = 16.0;
						TestTargetID = 42D3DCB22D51DA2900BC3E8F;
					};
					42D3DCCC2D51DA2A00BC3E8F = {
						CreatedOnToolsVersion = 16.0;
						TestTargetID = 42D3DCB22D51DA2900BC3E8F;
					};
				};
			};
			buildConfigurationList = 42D3DCAE2D51DA2900BC3E8F /* Build configuration list for PBXProject "asyncgate_iOS" */;
			developmentRegion = en;
			hasScannedForEncodings = 0;
			knownRegions = (
				en,
				Base,
			);
			mainGroup = 42D3DCAA2D51DA2900BC3E8F;
			minimizedProjectReferenceProxies = 1;
			preferredProjectObjectVersion = 77;
			productRefGroup = 42D3DCB42D51DA2900BC3E8F /* Products */;
			projectDirPath = "";
			projectRoot = "";
			targets = (
				42D3DCB22D51DA2900BC3E8F /* asyncgate_iOS */,
				42D3DCC22D51DA2A00BC3E8F /* asyncgate_iOSTests */,
				42D3DCCC2D51DA2A00BC3E8F /* asyncgate_iOSUITests */,
			);
		};
/* End PBXProject section */

/* Begin PBXResourcesBuildPhase section */
		42D3DCB12D51DA2900BC3E8F /* Resources */ = {
			isa = PBXResourcesBuildPhase;
			buildActionMask = 2147483647;
			files = (
			);
			runOnlyForDeploymentPostprocessing = 0;
		};
		42D3DCC12D51DA2A00BC3E8F /* Resources */ = {
			isa = PBXResourcesBuildPhase;
			buildActionMask = 2147483647;
			files = (
			);
			runOnlyForDeploymentPostprocessing = 0;
		};
		42D3DCCB2D51DA2A00BC3E8F /* Resources */ = {
			isa = PBXResourcesBuildPhase;
			buildActionMask = 2147483647;
			files = (
			);
			runOnlyForDeploymentPostprocessing = 0;
		};
/* End PBXResourcesBuildPhase section */

/* Begin PBXSourcesBuildPhase section */
		42D3DCAF2D51DA2900BC3E8F /* Sources */ = {
			isa = PBXSourcesBuildPhase;
			buildActionMask = 2147483647;
			files = (
			);
			runOnlyForDeploymentPostprocessing = 0;
		};
		42D3DCBF2D51DA2A00BC3E8F /* Sources */ = {
			isa = PBXSourcesBuildPhase;
			buildActionMask = 2147483647;
			files = (
			);
			runOnlyForDeploymentPostprocessing = 0;
		};
		42D3DCC92D51DA2A00BC3E8F /* Sources */ = {
			isa = PBXSourcesBuildPhase;
			buildActionMask = 2147483647;
			files = (
			);
			runOnlyForDeploymentPostprocessing = 0;
		};
/* End PBXSourcesBuildPhase section */

/* Begin PBXTargetDependency section */
		42D3DCC52D51DA2A00BC3E8F /* PBXTargetDependency */ = {
			isa = PBXTargetDependency;
			target = 42D3DCB22D51DA2900BC3E8F /* asyncgate_iOS */;
			targetProxy = 42D3DCC42D51DA2A00BC3E8F /* PBXContainerItemProxy */;
		};
		42D3DCCF2D51DA2A00BC3E8F /* PBXTargetDependency */ = {
			isa = PBXTargetDependency;
			target = 42D3DCB22D51DA2900BC3E8F /* asyncgate_iOS */;
			targetProxy = 42D3DCCE2D51DA2A00BC3E8F /* PBXContainerItemProxy */;
		};
/* End PBXTargetDependency section */

/* Begin XCBuildConfiguration section */
		42D3DCD52D51DA2A00BC3E8F /* Debug */ = {
			isa = XCBuildConfiguration;
			buildSettings = {
				ALWAYS_SEARCH_USER_PATHS = NO;
				ASSETCATALOG_COMPILER_GENERATE_SWIFT_ASSET_SYMBOL_EXTENSIONS = YES;
				CLANG_ANALYZER_NONNULL = YES;
				CLANG_ANALYZER_NUMBER_OBJECT_CONVERSION = YES_AGGRESSIVE;
				CLANG_CXX_LANGUAGE_STANDARD = "gnu++20";
				CLANG_ENABLE_MODULES = YES;
				CLANG_ENABLE_OBJC_ARC = YES;
				CLANG_ENABLE_OBJC_WEAK = YES;
				CLANG_WARN_BLOCK_CAPTURE_AUTORELEASING = YES;
				CLANG_WARN_BOOL_CONVERSION = YES;
				CLANG_WARN_COMMA = YES;
				CLANG_WARN_CONSTANT_CONVERSION = YES;
				CLANG_WARN_DEPRECATED_OBJC_IMPLEMENTATIONS = YES;
				CLANG_WARN_DIRECT_OBJC_ISA_USAGE = YES_ERROR;
				CLANG_WARN_DOCUMENTATION_COMMENTS = YES;
				CLANG_WARN_EMPTY_BODY = YES;
				CLANG_WARN_ENUM_CONVERSION = YES;
				CLANG_WARN_INFINITE_RECURSION = YES;
				CLANG_WARN_INT_CONVERSION = YES;
				CLANG_WARN_NON_LITERAL_NULL_CONVERSION = YES;
				CLANG_WARN_OBJC_IMPLICIT_RETAIN_SELF = YES;
				CLANG_WARN_OBJC_LITERAL_CONVERSION = YES;
				CLANG_WARN_OBJC_ROOT_CLASS = YES_ERROR;
				CLANG_WARN_QUOTED_INCLUDE_IN_FRAMEWORK_HEADER = YES;
				CLANG_WARN_RANGE_LOOP_ANALYSIS = YES;
				CLANG_WARN_STRICT_PROTOTYPES = YES;
				CLANG_WARN_SUSPICIOUS_MOVE = YES;
				CLANG_WARN_UNGUARDED_AVAILABILITY = YES_AGGRESSIVE;
				CLANG_WARN_UNREACHABLE_CODE = YES;
				CLANG_WARN__DUPLICATE_METHOD_MATCH = YES;
				COPY_PHASE_STRIP = NO;
				DEBUG_INFORMATION_FORMAT = dwarf;
				ENABLE_STRICT_OBJC_MSGSEND = YES;
				ENABLE_TESTABILITY = YES;
				ENABLE_USER_SCRIPT_SANDBOXING = YES;
				GCC_C_LANGUAGE_STANDARD = gnu17;
				GCC_DYNAMIC_NO_PIC = NO;
				GCC_NO_COMMON_BLOCKS = YES;
				GCC_OPTIMIZATION_LEVEL = 0;
				GCC_PREPROCESSOR_DEFINITIONS = (
					"DEBUG=1",
					"$(inherited)",
				);
				GCC_WARN_64_TO_32_BIT_CONVERSION = YES;
				GCC_WARN_ABOUT_RETURN_TYPE = YES_ERROR;
				GCC_WARN_UNDECLARED_SELECTOR = YES;
				GCC_WARN_UNINITIALIZED_AUTOS = YES_AGGRESSIVE;
				GCC_WARN_UNUSED_FUNCTION = YES;
				GCC_WARN_UNUSED_VARIABLE = YES;
				IPHONEOS_DEPLOYMENT_TARGET = 18.0;
				LOCALIZATION_PREFERS_STRING_CATALOGS = YES;
				MTL_ENABLE_DEBUG_INFO = INCLUDE_SOURCE;
				MTL_FAST_MATH = YES;
				ONLY_ACTIVE_ARCH = YES;
				SDKROOT = iphoneos;
				SWIFT_ACTIVE_COMPILATION_CONDITIONS = "DEBUG $(inherited)";
				SWIFT_OPTIMIZATION_LEVEL = "-Onone";
			};
			name = Debug;
		};
		42D3DCD62D51DA2A00BC3E8F /* Release */ = {
			isa = XCBuildConfiguration;
			buildSettings = {
				ALWAYS_SEARCH_USER_PATHS = NO;
				ASSETCATALOG_COMPILER_GENERATE_SWIFT_ASSET_SYMBOL_EXTENSIONS = YES;
				CLANG_ANALYZER_NONNULL = YES;
				CLANG_ANALYZER_NUMBER_OBJECT_CONVERSION = YES_AGGRESSIVE;
				CLANG_CXX_LANGUAGE_STANDARD = "gnu++20";
				CLANG_ENABLE_MODULES = YES;
				CLANG_ENABLE_OBJC_ARC = YES;
				CLANG_ENABLE_OBJC_WEAK = YES;
				CLANG_WARN_BLOCK_CAPTURE_AUTORELEASING = YES;
				CLANG_WARN_BOOL_CONVERSION = YES;
				CLANG_WARN_COMMA = YES;
				CLANG_WARN_CONSTANT_CONVERSION = YES;
				CLANG_WARN_DEPRECATED_OBJC_IMPLEMENTATIONS = YES;
				CLANG_WARN_DIRECT_OBJC_ISA_USAGE = YES_ERROR;
				CLANG_WARN_DOCUMENTATION_COMMENTS = YES;
				CLANG_WARN_EMPTY_BODY = YES;
				CLANG_WARN_ENUM_CONVERSION = YES;
				CLANG_WARN_INFINITE_RECURSION = YES;
				CLANG_WARN_INT_CONVERSION = YES;
				CLANG_WARN_NON_LITERAL_NULL_CONVERSION = YES;
				CLANG_WARN_OBJC_IMPLICIT_RETAIN_SELF = YES;
				CLANG_WARN_OBJC_LITERAL_CONVERSION = YES;
				CLANG_WARN_OBJC_ROOT_CLASS = YES_ERROR;
				CLANG_WARN_QUOTED_INCLUDE_IN_FRAMEWORK_HEADER = YES;
				CLANG_WARN_RANGE_LOOP_ANALYSIS = YES;
				CLANG_WARN_STRICT_PROTOTYPES = YES;
				CLANG_WARN_SUSPICIOUS_MOVE = YES;
				CLANG_WARN_UNGUARDED_AVAILABILITY = YES_AGGRESSIVE;
				CLANG_WARN_UNREACHABLE_CODE = YES;
				CLANG_WARN__DUPLICATE_METHOD_MATCH = YES;
				COPY_PHASE_STRIP = NO;
				DEBUG_INFORMATION_FORMAT = "dwarf-with-dsym";
				ENABLE_NS_ASSERTIONS = NO;
				ENABLE_STRICT_OBJC_MSGSEND = YES;
				ENABLE_USER_SCRIPT_SANDBOXING = YES;
				GCC_C_LANGUAGE_STANDARD = gnu17;
				GCC_NO_COMMON_BLOCKS = YES;
				GCC_WARN_64_TO_32_BIT_CONVERSION = YES;
				GCC_WARN_ABOUT_RETURN_TYPE = YES_ERROR;
				GCC_WARN_UNDECLARED_SELECTOR = YES;
				GCC_WARN_UNINITIALIZED_AUTOS = YES_AGGRESSIVE;
				GCC_WARN_UNUSED_FUNCTION = YES;
				GCC_WARN_UNUSED_VARIABLE = YES;
				IPHONEOS_DEPLOYMENT_TARGET = 18.0;
				LOCALIZATION_PREFERS_STRING_CATALOGS = YES;
				MTL_ENABLE_DEBUG_INFO = NO;
				MTL_FAST_MATH = YES;
				SDKROOT = iphoneos;
				SWIFT_COMPILATION_MODE = wholemodule;
				VALIDATE_PRODUCT = YES;
			};
			name = Release;
		};
		42D3DCD82D51DA2A00BC3E8F /* Debug */ = {
			isa = XCBuildConfiguration;
			buildSettings = {
				ASSETCATALOG_COMPILER_APPICON_NAME = AppIcon;
				ASSETCATALOG_COMPILER_GLOBAL_ACCENT_COLOR_NAME = AccentColor;
				CODE_SIGN_STYLE = Automatic;
				CURRENT_PROJECT_VERSION = 1;
				DEVELOPMENT_ASSET_PATHS = "\"asyncgate_iOS/Preview Content\"";
				DEVELOPMENT_TEAM = 5UTK6J592W;
				ENABLE_PREVIEWS = YES;
				GENERATE_INFOPLIST_FILE = YES;
				INFOPLIST_FILE = "asyncgate-iOS-Info.plist";
				INFOPLIST_KEY_UIApplicationSceneManifest_Generation = YES;
				INFOPLIST_KEY_UIApplicationSupportsIndirectInputEvents = YES;
				INFOPLIST_KEY_UILaunchScreen_Generation = YES;
				INFOPLIST_KEY_UISupportedInterfaceOrientations_iPad = "UIInterfaceOrientationPortrait UIInterfaceOrientationPortraitUpsideDown UIInterfaceOrientationLandscapeLeft UIInterfaceOrientationLandscapeRight";
				INFOPLIST_KEY_UISupportedInterfaceOrientations_iPhone = "UIInterfaceOrientationPortrait UIInterfaceOrientationLandscapeLeft UIInterfaceOrientationLandscapeRight";
				LD_RUNPATH_SEARCH_PATHS = (
					"$(inherited)",
					"@executable_path/Frameworks",
				);
				MARKETING_VERSION = 1.0;
				PRODUCT_BUNDLE_IDENTIFIER = "kk.asyncgate-iOS";
				PRODUCT_NAME = "$(TARGET_NAME)";
				SWIFT_EMIT_LOC_STRINGS = YES;
				SWIFT_VERSION = 5.0;
				TARGETED_DEVICE_FAMILY = "1,2";
			};
			name = Debug;
		};
		42D3DCD92D51DA2A00BC3E8F /* Release */ = {
			isa = XCBuildConfiguration;
			buildSettings = {
				ASSETCATALOG_COMPILER_APPICON_NAME = AppIcon;
				ASSETCATALOG_COMPILER_GLOBAL_ACCENT_COLOR_NAME = AccentColor;
				CODE_SIGN_STYLE = Automatic;
				CURRENT_PROJECT_VERSION = 1;
				DEVELOPMENT_ASSET_PATHS = "\"asyncgate_iOS/Preview Content\"";
				DEVELOPMENT_TEAM = 5UTK6J592W;
				ENABLE_PREVIEWS = YES;
				GENERATE_INFOPLIST_FILE = YES;
				INFOPLIST_FILE = "asyncgate-iOS-Info.plist";
				INFOPLIST_KEY_UIApplicationSceneManifest_Generation = YES;
				INFOPLIST_KEY_UIApplicationSupportsIndirectInputEvents = YES;
				INFOPLIST_KEY_UILaunchScreen_Generation = YES;
				INFOPLIST_KEY_UISupportedInterfaceOrientations_iPad = "UIInterfaceOrientationPortrait UIInterfaceOrientationPortraitUpsideDown UIInterfaceOrientationLandscapeLeft UIInterfaceOrientationLandscapeRight";
				INFOPLIST_KEY_UISupportedInterfaceOrientations_iPhone = "UIInterfaceOrientationPortrait UIInterfaceOrientationLandscapeLeft UIInterfaceOrientationLandscapeRight";
				LD_RUNPATH_SEARCH_PATHS = (
					"$(inherited)",
					"@executable_path/Frameworks",
				);
				MARKETING_VERSION = 1.0;
				PRODUCT_BUNDLE_IDENTIFIER = "kk.asyncgate-iOS";
				PRODUCT_NAME = "$(TARGET_NAME)";
				SWIFT_EMIT_LOC_STRINGS = YES;
				SWIFT_VERSION = 5.0;
				TARGETED_DEVICE_FAMILY = "1,2";
			};
			name = Release;
		};
		42D3DCDB2D51DA2A00BC3E8F /* Debug */ = {
			isa = XCBuildConfiguration;
			buildSettings = {
				BUNDLE_LOADER = "$(TEST_HOST)";
				CODE_SIGN_STYLE = Automatic;
				CURRENT_PROJECT_VERSION = 1;
				DEVELOPMENT_TEAM = 5UTK6J592W;
				GENERATE_INFOPLIST_FILE = YES;
				IPHONEOS_DEPLOYMENT_TARGET = 18.0;
				MARKETING_VERSION = 1.0;
				PRODUCT_BUNDLE_IDENTIFIER = "kk.asyncgate-iOSTests";
				PRODUCT_NAME = "$(TARGET_NAME)";
				SWIFT_EMIT_LOC_STRINGS = NO;
				SWIFT_VERSION = 5.0;
				TARGETED_DEVICE_FAMILY = "1,2";
				TEST_HOST = "$(BUILT_PRODUCTS_DIR)/asyncgate_iOS.app/$(BUNDLE_EXECUTABLE_FOLDER_PATH)/asyncgate_iOS";
			};
			name = Debug;
		};
		42D3DCDC2D51DA2A00BC3E8F /* Release */ = {
			isa = XCBuildConfiguration;
			buildSettings = {
				BUNDLE_LOADER = "$(TEST_HOST)";
				CODE_SIGN_STYLE = Automatic;
				CURRENT_PROJECT_VERSION = 1;
				DEVELOPMENT_TEAM = 5UTK6J592W;
				GENERATE_INFOPLIST_FILE = YES;
				IPHONEOS_DEPLOYMENT_TARGET = 18.0;
				MARKETING_VERSION = 1.0;
				PRODUCT_BUNDLE_IDENTIFIER = "kk.asyncgate-iOSTests";
				PRODUCT_NAME = "$(TARGET_NAME)";
				SWIFT_EMIT_LOC_STRINGS = NO;
				SWIFT_VERSION = 5.0;
				TARGETED_DEVICE_FAMILY = "1,2";
				TEST_HOST = "$(BUILT_PRODUCTS_DIR)/asyncgate_iOS.app/$(BUNDLE_EXECUTABLE_FOLDER_PATH)/asyncgate_iOS";
			};
			name = Release;
		};
		42D3DCDE2D51DA2A00BC3E8F /* Debug */ = {
			isa = XCBuildConfiguration;
			buildSettings = {
				CODE_SIGN_STYLE = Automatic;
				CURRENT_PROJECT_VERSION = 1;
				DEVELOPMENT_TEAM = 5UTK6J592W;
				GENERATE_INFOPLIST_FILE = YES;
				MARKETING_VERSION = 1.0;
				PRODUCT_BUNDLE_IDENTIFIER = "kk.asyncgate-iOSUITests";
				PRODUCT_NAME = "$(TARGET_NAME)";
				SWIFT_EMIT_LOC_STRINGS = NO;
				SWIFT_VERSION = 5.0;
				TARGETED_DEVICE_FAMILY = "1,2";
				TEST_TARGET_NAME = asyncgate_iOS;
			};
			name = Debug;
		};
		42D3DCDF2D51DA2A00BC3E8F /* Release */ = {
			isa = XCBuildConfiguration;
			buildSettings = {
				CODE_SIGN_STYLE = Automatic;
				CURRENT_PROJECT_VERSION = 1;
				DEVELOPMENT_TEAM = 5UTK6J592W;
				GENERATE_INFOPLIST_FILE = YES;
				MARKETING_VERSION = 1.0;
				PRODUCT_BUNDLE_IDENTIFIER = "kk.asyncgate-iOSUITests";
				PRODUCT_NAME = "$(TARGET_NAME)";
				SWIFT_EMIT_LOC_STRINGS = NO;
				SWIFT_VERSION = 5.0;
				TARGETED_DEVICE_FAMILY = "1,2";
				TEST_TARGET_NAME = asyncgate_iOS;
			};
			name = Release;
		};
/* End XCBuildConfiguration section */

/* Begin XCConfigurationList section */
		42D3DCAE2D51DA2900BC3E8F /* Build configuration list for PBXProject "asyncgate_iOS" */ = {
			isa = XCConfigurationList;
			buildConfigurations = (
				42D3DCD52D51DA2A00BC3E8F /* Debug */,
				42D3DCD62D51DA2A00BC3E8F /* Release */,
			);
			defaultConfigurationIsVisible = 0;
			defaultConfigurationName = Release;
		};
		42D3DCD72D51DA2A00BC3E8F /* Build configuration list for PBXNativeTarget "asyncgate_iOS" */ = {
			isa = XCConfigurationList;
			buildConfigurations = (
				42D3DCD82D51DA2A00BC3E8F /* Debug */,
				42D3DCD92D51DA2A00BC3E8F /* Release */,
			);
			defaultConfigurationIsVisible = 0;
			defaultConfigurationName = Release;
		};
		42D3DCDA2D51DA2A00BC3E8F /* Build configuration list for PBXNativeTarget "asyncgate_iOSTests" */ = {
			isa = XCConfigurationList;
			buildConfigurations = (
				42D3DCDB2D51DA2A00BC3E8F /* Debug */,
				42D3DCDC2D51DA2A00BC3E8F /* Release */,
			);
			defaultConfigurationIsVisible = 0;
			defaultConfigurationName = Release;
		};
		42D3DCDD2D51DA2A00BC3E8F /* Build configuration list for PBXNativeTarget "asyncgate_iOSUITests" */ = {
			isa = XCConfigurationList;
			buildConfigurations = (
				42D3DCDE2D51DA2A00BC3E8F /* Debug */,
				42D3DCDF2D51DA2A00BC3E8F /* Release */,
			);
			defaultConfigurationIsVisible = 0;
			defaultConfigurationName = Release;
		};
/* End XCConfigurationList section */
	};
	rootObject = 42D3DCAB2D51DA2900BC3E8F /* Project object */;
}
